
Microsoft Visual Studio Solution File, Format Version 12.00
# Visual Studio Version 17
VisualStudioVersion = 17.11.35327.3
MinimumVisualStudioVersion = 10.0.40219.1
Project("{FAE04EC0-301F-11D3-BF4B-00C04F79EFBC}") = "ConsoleApp1", "ConsoleApp1\ConsoleApp1.csproj", "{504A795C-214D-4389-9543-EC2945F8F53A}"
EndProject
Global
	GlobalSection(SolutionConfigurationPlatforms) = preSolution
		Debug|Any CPU = Debug|Any CPU
		Release|Any CPU = Release|Any CPU
	EndGlobalSection
	GlobalSection(ProjectConfigurationPlatforms) = postSolution
		{504A795C-214D-4389-9543-EC2945F8F53A}.Debug|Any CPU.ActiveCfg = Debug|Any CPU
		{504A795C-214D-4389-9543-EC2945F8F53A}.Debug|Any CPU.Build.0 = Debug|Any CPU
		{504A795C-214D-4389-9543-EC2945F8F53A}.Release|Any CPU.ActiveCfg = Release|Any CPU
		{504A795C-214D-4389-9543-EC2945F8F53A}.Release|Any CPU.Build.0 = Release|Any CPU
	EndGlobalSection
	GlobalSection(SolutionProperties) = preSolution
		HideSolutionNode = FALSE
	EndGlobalSection
	GlobalSection(ExtensibilityGlobals) = postSolution
		SolutionGuid = {043486EF-E408-4958-BCD6-614164AE9112}
	EndGlobalSection
EndGlobal
